// !$*UTF8*$!
{
	archiveVersion = 1;
	classes = {
	};
	objectVersion = 54;
	objects = {

/* Begin PBXBuildFile section */
		955AF6FC26A8954800F326B2 /* SpeedtestView.swift in Sources */ = {isa = PBXBuildFile; fileRef = 955AF6FB26A8954800F326B2 /* SpeedtestView.swift */; };
		95762DF126443EFF0022C2E0 /* ContentView.swift in Sources */ = {isa = PBXBuildFile; fileRef = 95762DF026443EFF0022C2E0 /* ContentView.swift */; };
		9591D23F2614DBC700CDBBF0 /* ClickerApp.swift in Sources */ = {isa = PBXBuildFile; fileRef = 9591D23E2614DBC700CDBBF0 /* ClickerApp.swift */; };
		9591D2412614DBC700CDBBF0 /* OldContentView.swift in Sources */ = {isa = PBXBuildFile; fileRef = 9591D2402614DBC700CDBBF0 /* OldContentView.swift */; };
		9591D2432614DBC800CDBBF0 /* Assets.xcassets in Resources */ = {isa = PBXBuildFile; fileRef = 9591D2422614DBC800CDBBF0 /* Assets.xcassets */; };
		9591D2462614DBC800CDBBF0 /* Preview Assets.xcassets in Resources */ = {isa = PBXBuildFile; fileRef = 9591D2452614DBC800CDBBF0 /* Preview Assets.xcassets */; };
		9591D2482614DBC800CDBBF0 /* Persistence.swift in Sources */ = {isa = PBXBuildFile; fileRef = 9591D2472614DBC800CDBBF0 /* Persistence.swift */; };
		9591D24B2614DBC800CDBBF0 /* Clicker.xcdatamodeld in Sources */ = {isa = PBXBuildFile; fileRef = 9591D2492614DBC800CDBBF0 /* Clicker.xcdatamodeld */; };
		9591D2562614DBFC00CDBBF0 /* AppSettings.swift in Sources */ = {isa = PBXBuildFile; fileRef = 9591D2542614DBFC00CDBBF0 /* AppSettings.swift */; };
		9591D2572614DBFC00CDBBF0 /* Keycodes.swift in Sources */ = {isa = PBXBuildFile; fileRef = 9591D2552614DBFC00CDBBF0 /* Keycodes.swift */; };
		959F81B426547C4100BDD976 /* SettingsView.swift in Sources */ = {isa = PBXBuildFile; fileRef = 959F81B326547C4100BDD976 /* SettingsView.swift */; };
		95AFD6D126542EF10070269A /* HotkeyRecorders.swift in Sources */ = {isa = PBXBuildFile; fileRef = 95AFD6D026542EF10070269A /* HotkeyRecorders.swift */; };
		95C04FA0261953210048C026 /* HelpView.swift in Sources */ = {isa = PBXBuildFile; fileRef = 95C04F9F261953210048C026 /* HelpView.swift */; };
/* End PBXBuildFile section */

/* Begin PBXFileReference section */
		955AF6FB26A8954800F326B2 /* SpeedtestView.swift */ = {isa = PBXFileReference; lastKnownFileType = sourcecode.swift; path = SpeedtestView.swift; sourceTree = "<group>"; };
		95762DF026443EFF0022C2E0 /* ContentView.swift */ = {isa = PBXFileReference; lastKnownFileType = sourcecode.swift; path = ContentView.swift; sourceTree = "<group>"; };
		957FB3822AD065BD003534A1 /* README.md */ = {isa = PBXFileReference; lastKnownFileType = net.daringfireball.markdown; path = README.md; sourceTree = "<group>"; };
		9591D23B2614DBC700CDBBF0 /* Clicker.app */ = {isa = PBXFileReference; explicitFileType = wrapper.application; includeInIndex = 0; path = Clicker.app; sourceTree = BUILT_PRODUCTS_DIR; };
		9591D23E2614DBC700CDBBF0 /* ClickerApp.swift */ = {isa = PBXFileReference; lastKnownFileType = sourcecode.swift; path = ClickerApp.swift; sourceTree = "<group>"; };
		9591D2402614DBC700CDBBF0 /* OldContentView.swift */ = {isa = PBXFileReference; lastKnownFileType = sourcecode.swift; path = OldContentView.swift; sourceTree = "<group>"; };
		9591D2422614DBC800CDBBF0 /* Assets.xcassets */ = {isa = PBXFileReference; lastKnownFileType = folder.assetcatalog; path = Assets.xcassets; sourceTree = "<group>"; };
		9591D2452614DBC800CDBBF0 /* Preview Assets.xcassets */ = {isa = PBXFileReference; lastKnownFileType = folder.assetcatalog; path = "Preview Assets.xcassets"; sourceTree = "<group>"; };
		9591D2472614DBC800CDBBF0 /* Persistence.swift */ = {isa = PBXFileReference; lastKnownFileType = sourcecode.swift; path = Persistence.swift; sourceTree = "<group>"; };
		9591D24A2614DBC800CDBBF0 /* Clicker.xcdatamodel */ = {isa = PBXFileReference; lastKnownFileType = wrapper.xcdatamodel; path = Clicker.xcdatamodel; sourceTree = "<group>"; };
		9591D24C2614DBC800CDBBF0 /* Info.plist */ = {isa = PBXFileReference; lastKnownFileType = text.plist.xml; path = Info.plist; sourceTree = "<group>"; };
		9591D24D2614DBC800CDBBF0 /* Clicker.entitlements */ = {isa = PBXFileReference; lastKnownFileType = text.plist.entitlements; path = Clicker.entitlements; sourceTree = "<group>"; };
		9591D2542614DBFC00CDBBF0 /* AppSettings.swift */ = {isa = PBXFileReference; fileEncoding = 4; lastKnownFileType = sourcecode.swift; path = AppSettings.swift; sourceTree = "<group>"; };
		9591D2552614DBFC00CDBBF0 /* Keycodes.swift */ = {isa = PBXFileReference; fileEncoding = 4; lastKnownFileType = sourcecode.swift; path = Keycodes.swift; sourceTree = "<group>"; };
		959F81B326547C4100BDD976 /* SettingsView.swift */ = {isa = PBXFileReference; lastKnownFileType = sourcecode.swift; path = SettingsView.swift; sourceTree = "<group>"; };
		95AFD6D026542EF10070269A /* HotkeyRecorders.swift */ = {isa = PBXFileReference; lastKnownFileType = sourcecode.swift; path = HotkeyRecorders.swift; sourceTree = "<group>"; };
		95C04F9F261953210048C026 /* HelpView.swift */ = {isa = PBXFileReference; lastKnownFileType = sourcecode.swift; path = HelpView.swift; sourceTree = "<group>"; };
/* End PBXFileReference section */

/* Begin PBXFrameworksBuildPhase section */
		9591D2382614DBC700CDBBF0 /* Frameworks */ = {
			isa = PBXFrameworksBuildPhase;
			buildActionMask = 2147483647;
			files = (
			);
			runOnlyForDeploymentPostprocessing = 0;
		};
/* End PBXFrameworksBuildPhase section */

/* Begin PBXGroup section */
		9591D2322614DBC700CDBBF0 = {
			isa = PBXGroup;
			children = (
				9591D23D2614DBC700CDBBF0 /* Clicker */,
				9591D23C2614DBC700CDBBF0 /* Products */,
			);
			sourceTree = "<group>";
		};
		9591D23C2614DBC700CDBBF0 /* Products */ = {
			isa = PBXGroup;
			children = (
				9591D23B2614DBC700CDBBF0 /* Clicker.app */,
			);
			name = Products;
			sourceTree = "<group>";
		};
		9591D23D2614DBC700CDBBF0 /* Clicker */ = {
			isa = PBXGroup;
			children = (
				9591D23E2614DBC700CDBBF0 /* ClickerApp.swift */,
				959F81B326547C4100BDD976 /* SettingsView.swift */,
				95762DF026443EFF0022C2E0 /* ContentView.swift */,
				95C04F9F261953210048C026 /* HelpView.swift */,
				955AF6FB26A8954800F326B2 /* SpeedtestView.swift */,
				95AFD6D026542EF10070269A /* HotkeyRecorders.swift */,
				9591D2542614DBFC00CDBBF0 /* AppSettings.swift */,
				9591D2552614DBFC00CDBBF0 /* Keycodes.swift */,
				9591D2422614DBC800CDBBF0 /* Assets.xcassets */,
				9591D2472614DBC800CDBBF0 /* Persistence.swift */,
				9591D2402614DBC700CDBBF0 /* OldContentView.swift */,
				9591D24C2614DBC800CDBBF0 /* Info.plist */,
				9591D24D2614DBC800CDBBF0 /* Clicker.entitlements */,
				9591D2492614DBC800CDBBF0 /* Clicker.xcdatamodeld */,
				957FB3822AD065BD003534A1 /* README.md */,
				9591D2442614DBC800CDBBF0 /* Preview Content */,
			);
			path = Clicker;
			sourceTree = "<group>";
		};
		9591D2442614DBC800CDBBF0 /* Preview Content */ = {
			isa = PBXGroup;
			children = (
				9591D2452614DBC800CDBBF0 /* Preview Assets.xcassets */,
			);
			path = "Preview Content";
			sourceTree = "<group>";
		};
/* End PBXGroup section */

/* Begin PBXNativeTarget section */
		9591D23A2614DBC700CDBBF0 /* Clicker */ = {
			isa = PBXNativeTarget;
			buildConfigurationList = 9591D2502614DBC800CDBBF0 /* Build configuration list for PBXNativeTarget "Clicker" */;
			buildPhases = (
				9591D2372614DBC700CDBBF0 /* Sources */,
				9591D2382614DBC700CDBBF0 /* Frameworks */,
				9591D2392614DBC700CDBBF0 /* Resources */,
			);
			buildRules = (
			);
			dependencies = (
			);
			name = Clicker;
			packageProductDependencies = (
			);
			productName = Clicker;
			productReference = 9591D23B2614DBC700CDBBF0 /* Clicker.app */;
			productType = "com.apple.product-type.application";
		};
/* End PBXNativeTarget section */

/* Begin PBXProject section */
		9591D2332614DBC700CDBBF0 /* Project object */ = {
			isa = PBXProject;
			attributes = {
				BuildIndependentTargetsInParallel = YES;
				LastSwiftUpdateCheck = 1240;
				LastUpgradeCheck = 1500;
				TargetAttributes = {
					9591D23A2614DBC700CDBBF0 = {
						CreatedOnToolsVersion = 12.4;
					};
				};
			};
			buildConfigurationList = 9591D2362614DBC700CDBBF0 /* Build configuration list for PBXProject "Clicker" */;
			compatibilityVersion = "Xcode 9.3";
			developmentRegion = en;
			hasScannedForEncodings = 0;
			knownRegions = (
				en,
				Base,
			);
			mainGroup = 9591D2322614DBC700CDBBF0;
			packageReferences = (
			);
			productRefGroup = 9591D23C2614DBC700CDBBF0 /* Products */;
			projectDirPath = "";
			projectRoot = "";
			targets = (
				9591D23A2614DBC700CDBBF0 /* Clicker */,
			);
		};
/* End PBXProject section */

/* Begin PBXResourcesBuildPhase section */
		9591D2392614DBC700CDBBF0 /* Resources */ = {
			isa = PBXResourcesBuildPhase;
			buildActionMask = 2147483647;
			files = (
				9591D2462614DBC800CDBBF0 /* Preview Assets.xcassets in Resources */,
				9591D2432614DBC800CDBBF0 /* Assets.xcassets in Resources */,
			);
			runOnlyForDeploymentPostprocessing = 0;
		};
/* End PBXResourcesBuildPhase section */

/* Begin PBXSourcesBuildPhase section */
		9591D2372614DBC700CDBBF0 /* Sources */ = {
			isa = PBXSourcesBuildPhase;
			buildActionMask = 2147483647;
			files = (
				9591D2482614DBC800CDBBF0 /* Persistence.swift in Sources */,
				9591D24B2614DBC800CDBBF0 /* Clicker.xcdatamodeld in Sources */,
				9591D2572614DBFC00CDBBF0 /* Keycodes.swift in Sources */,
				95C04FA0261953210048C026 /* HelpView.swift in Sources */,
				9591D2412614DBC700CDBBF0 /* OldContentView.swift in Sources */,
				959F81B426547C4100BDD976 /* SettingsView.swift in Sources */,
				9591D23F2614DBC700CDBBF0 /* ClickerApp.swift in Sources */,
				9591D2562614DBFC00CDBBF0 /* AppSettings.swift in Sources */,
				95AFD6D126542EF10070269A /* HotkeyRecorders.swift in Sources */,
				955AF6FC26A8954800F326B2 /* SpeedtestView.swift in Sources */,
				95762DF126443EFF0022C2E0 /* ContentView.swift in Sources */,
			);
			runOnlyForDeploymentPostprocessing = 0;
		};
/* End PBXSourcesBuildPhase section */

/* Begin XCBuildConfiguration section */
		9591D24E2614DBC800CDBBF0 /* Debug */ = {
			isa = XCBuildConfiguration;
			buildSettings = {
				ALWAYS_SEARCH_USER_PATHS = NO;
				CLANG_ANALYZER_LOCALIZABILITY_NONLOCALIZED = YES;
				CLANG_ANALYZER_NONNULL = YES;
				CLANG_ANALYZER_NUMBER_OBJECT_CONVERSION = YES_AGGRESSIVE;
				CLANG_CXX_LANGUAGE_STANDARD = "gnu++14";
				CLANG_CXX_LIBRARY = "libc++";
				CLANG_ENABLE_MODULES = YES;
				CLANG_ENABLE_OBJC_ARC = YES;
				CLANG_ENABLE_OBJC_WEAK = YES;
				CLANG_WARN_BLOCK_CAPTURE_AUTORELEASING = YES;
				CLANG_WARN_BOOL_CONVERSION = YES;
				CLANG_WARN_COMMA = YES;
				CLANG_WARN_CONSTANT_CONVERSION = YES;
				CLANG_WARN_DEPRECATED_OBJC_IMPLEMENTATIONS = YES;
				CLANG_WARN_DIRECT_OBJC_ISA_USAGE = YES_ERROR;
				CLANG_WARN_DOCUMENTATION_COMMENTS = YES;
				CLANG_WARN_EMPTY_BODY = YES;
				CLANG_WARN_ENUM_CONVERSION = YES;
				CLANG_WARN_INFINITE_RECURSION = YES;
				CLANG_WARN_INT_CONVERSION = YES;
				CLANG_WARN_NON_LITERAL_NULL_CONVERSION = YES;
				CLANG_WARN_OBJC_IMPLICIT_RETAIN_SELF = YES;
				CLANG_WARN_OBJC_LITERAL_CONVERSION = YES;
				CLANG_WARN_OBJC_ROOT_CLASS = YES_ERROR;
				CLANG_WARN_QUOTED_INCLUDE_IN_FRAMEWORK_HEADER = YES;
				CLANG_WARN_RANGE_LOOP_ANALYSIS = YES;
				CLANG_WARN_STRICT_PROTOTYPES = YES;
				CLANG_WARN_SUSPICIOUS_MOVE = YES;
				CLANG_WARN_UNGUARDED_AVAILABILITY = YES_AGGRESSIVE;
				CLANG_WARN_UNREACHABLE_CODE = YES;
				CLANG_WARN__DUPLICATE_METHOD_MATCH = YES;
				COPY_PHASE_STRIP = NO;
				DEAD_CODE_STRIPPING = YES;
				DEBUG_INFORMATION_FORMAT = dwarf;
				ENABLE_STRICT_OBJC_MSGSEND = YES;
				ENABLE_TESTABILITY = YES;
				ENABLE_USER_SCRIPT_SANDBOXING = YES;
				GCC_C_LANGUAGE_STANDARD = gnu11;
				GCC_DYNAMIC_NO_PIC = NO;
				GCC_NO_COMMON_BLOCKS = YES;
				GCC_OPTIMIZATION_LEVEL = 0;
				GCC_PREPROCESSOR_DEFINITIONS = (
					"DEBUG=1",
					"$(inherited)",
				);
				GCC_WARN_64_TO_32_BIT_CONVERSION = YES;
				GCC_WARN_ABOUT_RETURN_TYPE = YES_ERROR;
				GCC_WARN_UNDECLARED_SELECTOR = YES;
				GCC_WARN_UNINITIALIZED_AUTOS = YES_AGGRESSIVE;
				GCC_WARN_UNUSED_FUNCTION = YES;
				GCC_WARN_UNUSED_VARIABLE = YES;
				MACOSX_DEPLOYMENT_TARGET = 11.0;
				MTL_ENABLE_DEBUG_INFO = INCLUDE_SOURCE;
				MTL_FAST_MATH = YES;
				ONLY_ACTIVE_ARCH = YES;
				SDKROOT = macosx;
				SWIFT_ACTIVE_COMPILATION_CONDITIONS = DEBUG;
				SWIFT_OPTIMIZATION_LEVEL = "-Onone";
			};
			name = Debug;
		};
		9591D24F2614DBC800CDBBF0 /* Release */ = {
			isa = XCBuildConfiguration;
			buildSettings = {
				ALWAYS_SEARCH_USER_PATHS = NO;
				CLANG_ANALYZER_LOCALIZABILITY_NONLOCALIZED = YES;
				CLANG_ANALYZER_NONNULL = YES;
				CLANG_ANALYZER_NUMBER_OBJECT_CONVERSION = YES_AGGRESSIVE;
				CLANG_CXX_LANGUAGE_STANDARD = "gnu++14";
				CLANG_CXX_LIBRARY = "libc++";
				CLANG_ENABLE_MODULES = YES;
				CLANG_ENABLE_OBJC_ARC = YES;
				CLANG_ENABLE_OBJC_WEAK = YES;
				CLANG_WARN_BLOCK_CAPTURE_AUTORELEASING = YES;
				CLANG_WARN_BOOL_CONVERSION = YES;
				CLANG_WARN_COMMA = YES;
				CLANG_WARN_CONSTANT_CONVERSION = YES;
				CLANG_WARN_DEPRECATED_OBJC_IMPLEMENTATIONS = YES;
				CLANG_WARN_DIRECT_OBJC_ISA_USAGE = YES_ERROR;
				CLANG_WARN_DOCUMENTATION_COMMENTS = YES;
				CLANG_WARN_EMPTY_BODY = YES;
				CLANG_WARN_ENUM_CONVERSION = YES;
				CLANG_WARN_INFINITE_RECURSION = YES;
				CLANG_WARN_INT_CONVERSION = YES;
				CLANG_WARN_NON_LITERAL_NULL_CONVERSION = YES;
				CLANG_WARN_OBJC_IMPLICIT_RETAIN_SELF = YES;
				CLANG_WARN_OBJC_LITERAL_CONVERSION = YES;
				CLANG_WARN_OBJC_ROOT_CLASS = YES_ERROR;
				CLANG_WARN_QUOTED_INCLUDE_IN_FRAMEWORK_HEADER = YES;
				CLANG_WARN_RANGE_LOOP_ANALYSIS = YES;
				CLANG_WARN_STRICT_PROTOTYPES = YES;
				CLANG_WARN_SUSPICIOUS_MOVE = YES;
				CLANG_WARN_UNGUARDED_AVAILABILITY = YES_AGGRESSIVE;
				CLANG_WARN_UNREACHABLE_CODE = YES;
				CLANG_WARN__DUPLICATE_METHOD_MATCH = YES;
				COPY_PHASE_STRIP = NO;
				DEAD_CODE_STRIPPING = YES;
				DEBUG_INFORMATION_FORMAT = "dwarf-with-dsym";
				ENABLE_NS_ASSERTIONS = NO;
				ENABLE_STRICT_OBJC_MSGSEND = YES;
				ENABLE_USER_SCRIPT_SANDBOXING = YES;
				GCC_C_LANGUAGE_STANDARD = gnu11;
				GCC_NO_COMMON_BLOCKS = YES;
				GCC_WARN_64_TO_32_BIT_CONVERSION = YES;
				GCC_WARN_ABOUT_RETURN_TYPE = YES_ERROR;
				GCC_WARN_UNDECLARED_SELECTOR = YES;
				GCC_WARN_UNINITIALIZED_AUTOS = YES_AGGRESSIVE;
				GCC_WARN_UNUSED_FUNCTION = YES;
				GCC_WARN_UNUSED_VARIABLE = YES;
				MACOSX_DEPLOYMENT_TARGET = 11.0;
				MTL_ENABLE_DEBUG_INFO = NO;
				MTL_FAST_MATH = YES;
				SDKROOT = macosx;
				SWIFT_COMPILATION_MODE = wholemodule;
				SWIFT_OPTIMIZATION_LEVEL = "-O";
			};
			name = Release;
		};
		9591D2512614DBC800CDBBF0 /* Debug */ = {
			isa = XCBuildConfiguration;
			buildSettings = {
				ASSETCATALOG_COMPILER_APPICON_NAME = AppIcon;
				ASSETCATALOG_COMPILER_GLOBAL_ACCENT_COLOR_NAME = AccentColor;
				CODE_SIGN_ENTITLEMENTS = Clicker/Clicker.entitlements;
				CODE_SIGN_IDENTITY = "-";
				"CODE_SIGN_IDENTITY[sdk=macosx*]" = "-";
				CODE_SIGN_STYLE = Automatic;
				COMBINE_HIDPI_IMAGES = YES;
				DEAD_CODE_STRIPPING = YES;
				DEVELOPMENT_ASSET_PATHS = "\"Clicker/Preview Content\"";
				DEVELOPMENT_TEAM = NRLH5938R4;
				ENABLE_HARDENED_RUNTIME = YES;
				ENABLE_PREVIEWS = YES;
				INFOPLIST_FILE = Clicker/Info.plist;
				LD_RUNPATH_SEARCH_PATHS = (
					"$(inherited)",
					"@executable_path/../Frameworks",
				);
				MACOSX_DEPLOYMENT_TARGET = 11.0;
				MARKETING_VERSION = 2.0;
				PRODUCT_BUNDLE_IDENTIFIER = com.AppleEverything.Clicker;
				PRODUCT_NAME = "$(TARGET_NAME)";
				SWIFT_VERSION = 5.0;
			};
			name = Debug;
		};
		9591D2522614DBC800CDBBF0 /* Release */ = {
			isa = XCBuildConfiguration;
			buildSettings = {
				ASSETCATALOG_COMPILER_APPICON_NAME = AppIcon;
				ASSETCATALOG_COMPILER_GLOBAL_ACCENT_COLOR_NAME = AccentColor;
				CODE_SIGN_ENTITLEMENTS = Clicker/Clicker.entitlements;
				CODE_SIGN_IDENTITY = "-";
				"CODE_SIGN_IDENTITY[sdk=macosx*]" = "-";
				CODE_SIGN_STYLE = Automatic;
				COMBINE_HIDPI_IMAGES = YES;
				DEAD_CODE_STRIPPING = YES;
				DEVELOPMENT_ASSET_PATHS = "\"Clicker/Preview Content\"";
				DEVELOPMENT_TEAM = NRLH5938R4;
				ENABLE_HARDENED_RUNTIME = YES;
				ENABLE_PREVIEWS = YES;
				INFOPLIST_FILE = Clicker/Info.plist;
				LD_RUNPATH_SEARCH_PATHS = (
					"$(inherited)",
					"@executable_path/../Frameworks",
				);
				MACOSX_DEPLOYMENT_TARGET = 11.0;
				MARKETING_VERSION = 2.0;
				PRODUCT_BUNDLE_IDENTIFIER = com.AppleEverything.Clicker;
				PRODUCT_NAME = "$(TARGET_NAME)";
				SWIFT_VERSION = 5.0;
			};
			name = Release;
		};
/* End XCBuildConfiguration section */

/* Begin XCConfigurationList section */
		9591D2362614DBC700CDBBF0 /* Build configuration list for PBXProject "Clicker" */ = {
			isa = XCConfigurationList;
			buildConfigurations = (
				9591D24E2614DBC800CDBBF0 /* Debug */,
				9591D24F2614DBC800CDBBF0 /* Release */,
			);
			defaultConfigurationIsVisible = 0;
			defaultConfigurationName = Release;
		};
		9591D2502614DBC800CDBBF0 /* Build configuration list for PBXNativeTarget "Clicker" */ = {
			isa = XCConfigurationList;
			buildConfigurations = (
				9591D2512614DBC800CDBBF0 /* Debug */,
				9591D2522614DBC800CDBBF0 /* Release */,
			);
			defaultConfigurationIsVisible = 0;
			defaultConfigurationName = Release;
		};
/* End XCConfigurationList section */

/* Begin XCVersionGroup section */
		9591D2492614DBC800CDBBF0 /* Clicker.xcdatamodeld */ = {
			isa = XCVersionGroup;
			children = (
				9591D24A2614DBC800CDBBF0 /* Clicker.xcdatamodel */,
			);
			currentVersion = 9591D24A2614DBC800CDBBF0 /* Clicker.xcdatamodel */;
			path = Clicker.xcdatamodeld;
			sourceTree = "<group>";
			versionGroupType = wrapper.xcdatamodel;
		};
/* End XCVersionGroup section */
	};
	rootObject = 9591D2332614DBC700CDBBF0 /* Project object */;
}
